dependencies:
  espressif/esp-modbus:
    component_hash: 26a64a9531b5e15a1bbdb9064f2f8715df5b150bfb821dd493174a5aa7566bf8
    dependencies:
    - name: idf
      require: private
      version: '>=5.0'
    source:
      registry_url: https://components.espressif.com/
      type: service
    version: 2.1.4
  espressif/mdns:
    component_hash: b5b30022c46302eab89c1d2e3b6fb5918a627563a7462f0ee284b22b9a934967
    dependencies:
    - name: idf
      require: private
      version: '>=5.0'
    source:
      registry_url: https://components.espressif.com/
      type: service
    version: 1.14.0
  idf:
    source:
      type: idf
    version: 5.5.5
  trombik/esp_wireguard:
    component_hash: 06b514516c241f27493b7589d3d4a79f424713609891168e4e65f529f1980922
    dependencies: []
    source:
      registry_url: https://components.espressif.com/
      type: service
    version: 0.9.0
direct_dependencies:
- espressif/esp-modbus
- espressif/mdns
- idf
- trombik/esp_wireguard
manifest_hash: 5215feeb3467bdb125b48295945154f5512a2191484a4268db4e182f0d3e33ea
target: esp32s3
version: 2.0.0
