dependencies:
  espressif/esp-modbus:
    component_hash: 26a64a9531b5e15a1bbdb9064f2f8715df5b150bfb821dd493174a5aa7566bf8
    dependencies:
    - name: idf
      require: private
      version: '>=5.0'
    source:
      registry_url: https://components.espressif.com/
      type: service
    version: 2.1.4
  espressif/mdns:
    component_hash: b5b30022c46302eab89c1d2e3b6fb5918a627563a7462f0ee284b22b9a934967
    dependencies:
    - name: idf
      require: private
      version: '>=5.0'
    source:
      registry_url: https://components.espressif.com/
      type: service
    version: 1.14.0
  idf:
    source:
      type: idf
    version: 5.5.5
direct_dependencies:
- espressif/esp-modbus
- espressif/mdns
- idf
manifest_hash: 839a439b76b4064326d5f4cb9740f652c97c06c1e4da7fc596edbdff9330cd12
target: esp32s3
version: 2.0.0
