dependencies:
  espressif/mdns:
    component_hash: b5b30022c46302eab89c1d2e3b6fb5918a627563a7462f0ee284b22b9a934967
    dependencies:
    - name: idf
      require: private
      version: '>=5.0'
    source:
      registry_url: https://components.espressif.com/
      type: service
    version: 1.14.0
  idf:
    source:
      type: idf
    version: 5.5.5
direct_dependencies:
- espressif/mdns
- idf
manifest_hash: 5c92cc27d9b400d8f931c7542ba5f0a00da0b4d8ad642ed740c2536dad574282
target: esp32s3
version: 2.0.0
