{
  "name": "fan-pwm-web",
  "lockfileVersion": 3,
  "requires": true,
  "packages": {
    "": {
      "name": "fan-pwm-web",
      "devDependencies": {
        "@litejs/cli": "26.8.0",
        "@litejs/ui": "26.10.0",
        "uglify-js": "3.19.3"
      }
    },
    "node_modules/@litejs/cli": {
      "version": "26.8.0",
      "resolved": "https://registry.npmjs.org/@litejs/cli/-/cli-26.8.0.tgz",
      "integrity": "sha512-tgnO3/81KtdPDOvdFL911MWHCF0UoO7C5Tm8olpZC0gQySeTwUE/2MGWW7hF9K3+uMbUHlRrch7K6mzzmZ3F2Q==",
      "dev": true,
      "license": "MIT",
      "workspaces": [
        "test/dummy"
      ],
      "dependencies": {
        "@litejs/dom": "26.4.3"
      },
      "bin": {
        "lj": "cli.js"
      }
    },
    "node_modules/@litejs/dom": {
      "version": "26.4.3",
      "resolved": "https://registry.npmjs.org/@litejs/dom/-/dom-26.4.3.tgz",
      "integrity": "sha512-0Dv5RUPGBWFGMvlhGmB7djQ1uLmdz5YU2+A5da4S+aU8BhpFWmEJaTQ0W5adwz7/IXisfeP5LpULyZz7PG0clA==",
      "dev": true,
      "license": "MIT"
    },
    "node_modules/@litejs/ui": {
      "version": "26.10.0",
      "resolved": "https://registry.npmjs.org/@litejs/ui/-/ui-26.10.0.tgz",
      "integrity": "sha512-Z47nwUHRL+8luYrxVi3odxnDn2Ya9uWHhSAfS5Naenu+Yq3WTICZSFsjACjc/fauTLcw3Z/0a+G4A39d9hjMjw==",
      "dev": true,
      "license": "MIT",
      "bin": {
        "lj-extract-lang": "bin/extract-lang.js"
      }
    },
    "node_modules/uglify-js": {
      "version": "3.19.3",
      "resolved": "https://registry.npmjs.org/uglify-js/-/uglify-js-3.19.3.tgz",
      "integrity": "sha512-v3Xu+yuwBXisp6QYTcH4UbH+xYJXqnq2m/LtQVWKWzYc1iehYnLixoQDN9FH6/j9/oybfd6W9Ghwkl8+UMKTKQ==",
      "dev": true,
      "license": "BSD-2-Clause",
      "bin": {
        "uglifyjs": "bin/uglifyjs"
      },
      "engines": {
        "node": ">=0.8.0"
      }
    }
  }
}
